{
  "name": "node_cli_todo",
  "version": "1.0.0",
  "lockfileVersion": 1,
  "requires": true,
  "dependencies": {
    "commander": {
      "version": "4.0.1",
      "resolved": "https://registry.npm.taobao.org/commander/download/commander-4.0.1.tgz",
      "integrity": "sha1-tnYicheFmTGC6Af0iDYz5kAbpTw="
    }
  }
}
